
Microsoft Visual Studio Solution File, Format Version 12.00
# Visual Studio Version 17
VisualStudioVersion = 17.11.35222.181
MinimumVisualStudioVersion = 10.0.40219.1
Project("{FAE04EC0-301F-11D3-BF4B-00C04F79EFBC}") = "Task1", "Task1\Task1.csproj", "{2F4EAD59-224B-43FB-9481-612616A398FD}"
EndProject
Global
	GlobalSection(SolutionConfigurationPlatforms) = preSolution
		Debug|Any CPU = Debug|Any CPU
		Release|Any CPU = Release|Any CPU
	EndGlobalSection
	GlobalSection(ProjectConfigurationPlatforms) = postSolution
		{2F4EAD59-224B-43FB-9481-612616A398FD}.Debug|Any CPU.ActiveCfg = Debug|Any CPU
		{2F4EAD59-224B-43FB-9481-612616A398FD}.Debug|Any CPU.Build.0 = Debug|Any CPU
		{2F4EAD59-224B-43FB-9481-612616A398FD}.Release|Any CPU.ActiveCfg = Release|Any CPU
		{2F4EAD59-224B-43FB-9481-612616A398FD}.Release|Any CPU.Build.0 = Release|Any CPU
	EndGlobalSection
	GlobalSection(SolutionProperties) = preSolution
		HideSolutionNode = FALSE
	EndGlobalSection
	GlobalSection(ExtensibilityGlobals) = postSolution
		SolutionGuid = {DA841B2A-2B7C-4371-ACB3-F398BB4F0ACD}
	EndGlobalSection
EndGlobal
